
Microsoft Visual Studio Solution File, Format Version 12.00
# Visual Studio Version 17
VisualStudioVersion = 17.4.33205.214
MinimumVisualStudioVersion = 10.0.40219.1
Project("{FAE04EC0-301F-11D3-BF4B-00C04F79EFBC}") = "System_IO", "System_IO.csproj", "{F4DE1CC8-0AEB-40EB-8EB2-C0365D4F5DEB}"
EndProject
Global
	GlobalSection(SolutionConfigurationPlatforms) = preSolution
		Debug|Any CPU = Debug|Any CPU
		Release|Any CPU = Release|Any CPU
	EndGlobalSection
	GlobalSection(ProjectConfigurationPlatforms) = postSolution
		{F4DE1CC8-0AEB-40EB-8EB2-C0365D4F5DEB}.Debug|Any CPU.ActiveCfg = Debug|Any CPU
		{F4DE1CC8-0AEB-40EB-8EB2-C0365D4F5DEB}.Debug|Any CPU.Build.0 = Debug|Any CPU
		{F4DE1CC8-0AEB-40EB-8EB2-C0365D4F5DEB}.Release|Any CPU.ActiveCfg = Release|Any CPU
		{F4DE1CC8-0AEB-40EB-8EB2-C0365D4F5DEB}.Release|Any CPU.Build.0 = Release|Any CPU
	EndGlobalSection
	GlobalSection(SolutionProperties) = preSolution
		HideSolutionNode = FALSE
	EndGlobalSection
	GlobalSection(ExtensibilityGlobals) = postSolution
		SolutionGuid = {EDC0AEB8-2868-4ECA-B372-EF16DE2C18CA}
	EndGlobalSection
EndGlobal
