
Microsoft Visual Studio Solution File, Format Version 12.00
# Visual Studio Version 17
VisualStudioVersion = 17.4.33205.214
MinimumVisualStudioVersion = 10.0.40219.1
Project("{9A19103F-16F7-4668-BE54-9A1E7A4F7556}") = "var_다이나믹_익명타입", "var_다이나믹_익명타입.csproj", "{A7848232-A15A-4F78-A225-322162BCFE8E}"
EndProject
Global
	GlobalSection(SolutionConfigurationPlatforms) = preSolution
		Debug|Any CPU = Debug|Any CPU
		Release|Any CPU = Release|Any CPU
	EndGlobalSection
	GlobalSection(ProjectConfigurationPlatforms) = postSolution
		{A7848232-A15A-4F78-A225-322162BCFE8E}.Debug|Any CPU.ActiveCfg = Debug|Any CPU
		{A7848232-A15A-4F78-A225-322162BCFE8E}.Debug|Any CPU.Build.0 = Debug|Any CPU
		{A7848232-A15A-4F78-A225-322162BCFE8E}.Release|Any CPU.ActiveCfg = Release|Any CPU
		{A7848232-A15A-4F78-A225-322162BCFE8E}.Release|Any CPU.Build.0 = Release|Any CPU
	EndGlobalSection
	GlobalSection(SolutionProperties) = preSolution
		HideSolutionNode = FALSE
	EndGlobalSection
	GlobalSection(ExtensibilityGlobals) = postSolution
		SolutionGuid = {FEADF704-C2A7-4FD8-BEDA-42E68296EE7C}
	EndGlobalSection
EndGlobal
