
Microsoft Visual Studio Solution File, Format Version 12.00
# Visual Studio Version 17
VisualStudioVersion = 17.4.33205.214
MinimumVisualStudioVersion = 10.0.40219.1
Project("{FAE04EC0-301F-11D3-BF4B-00C04F79EFBC}") = "SWITCH문_실습", "SWITCH문_실습.csproj", "{63705F87-8BE0-4B69-A176-242CC8A86958}"
EndProject
Project("{FAE04EC0-301F-11D3-BF4B-00C04F79EFBC}") = "MyLibrary", "..\MyLibrary\MyLibrary.csproj", "{3D845099-BCF7-4184-9A85-D1CD3C6BE502}"
EndProject
Global
	GlobalSection(SolutionConfigurationPlatforms) = preSolution
		Debug|Any CPU = Debug|Any CPU
		Release|Any CPU = Release|Any CPU
	EndGlobalSection
	GlobalSection(ProjectConfigurationPlatforms) = postSolution
		{63705F87-8BE0-4B69-A176-242CC8A86958}.Debug|Any CPU.ActiveCfg = Debug|Any CPU
		{63705F87-8BE0-4B69-A176-242CC8A86958}.Debug|Any CPU.Build.0 = Debug|Any CPU
		{63705F87-8BE0-4B69-A176-242CC8A86958}.Release|Any CPU.ActiveCfg = Release|Any CPU
		{63705F87-8BE0-4B69-A176-242CC8A86958}.Release|Any CPU.Build.0 = Release|Any CPU
		{3D845099-BCF7-4184-9A85-D1CD3C6BE502}.Debug|Any CPU.ActiveCfg = Debug|Any CPU
		{3D845099-BCF7-4184-9A85-D1CD3C6BE502}.Debug|Any CPU.Build.0 = Debug|Any CPU
		{3D845099-BCF7-4184-9A85-D1CD3C6BE502}.Release|Any CPU.ActiveCfg = Release|Any CPU
		{3D845099-BCF7-4184-9A85-D1CD3C6BE502}.Release|Any CPU.Build.0 = Release|Any CPU
	EndGlobalSection
	GlobalSection(SolutionProperties) = preSolution
		HideSolutionNode = FALSE
	EndGlobalSection
	GlobalSection(ExtensibilityGlobals) = postSolution
		SolutionGuid = {94042836-D373-441F-BEAB-0724562A3F90}
	EndGlobalSection
EndGlobal
