
Microsoft Visual Studio Solution File, Format Version 12.00
# Visual Studio Version 17
VisualStudioVersion = 17.4.33205.214
MinimumVisualStudioVersion = 10.0.40219.1
Project("{FAE04EC0-301F-11D3-BF4B-00C04F79EFBC}") = "클래스", "클래스.csproj", "{D9E49819-E01E-40F1-A17F-55DD9DE1D1EE}"
EndProject
Project("{FAE04EC0-301F-11D3-BF4B-00C04F79EFBC}") = "MyLibrary", "..\MyLibrary\MyLibrary.csproj", "{3D845099-BCF7-4184-9A85-D1CD3C6BE502}"
EndProject
Global
	GlobalSection(SolutionConfigurationPlatforms) = preSolution
		Debug|Any CPU = Debug|Any CPU
		Release|Any CPU = Release|Any CPU
	EndGlobalSection
	GlobalSection(ProjectConfigurationPlatforms) = postSolution
		{D9E49819-E01E-40F1-A17F-55DD9DE1D1EE}.Debug|Any CPU.ActiveCfg = Debug|Any CPU
		{D9E49819-E01E-40F1-A17F-55DD9DE1D1EE}.Debug|Any CPU.Build.0 = Debug|Any CPU
		{D9E49819-E01E-40F1-A17F-55DD9DE1D1EE}.Release|Any CPU.ActiveCfg = Release|Any CPU
		{D9E49819-E01E-40F1-A17F-55DD9DE1D1EE}.Release|Any CPU.Build.0 = Release|Any CPU
		{3D845099-BCF7-4184-9A85-D1CD3C6BE502}.Debug|Any CPU.ActiveCfg = Debug|Any CPU
		{3D845099-BCF7-4184-9A85-D1CD3C6BE502}.Debug|Any CPU.Build.0 = Debug|Any CPU
		{3D845099-BCF7-4184-9A85-D1CD3C6BE502}.Release|Any CPU.ActiveCfg = Release|Any CPU
		{3D845099-BCF7-4184-9A85-D1CD3C6BE502}.Release|Any CPU.Build.0 = Release|Any CPU
	EndGlobalSection
	GlobalSection(SolutionProperties) = preSolution
		HideSolutionNode = FALSE
	EndGlobalSection
	GlobalSection(ExtensibilityGlobals) = postSolution
		SolutionGuid = {0B4BBF20-97C9-4534-ABCD-33C406C35341}
	EndGlobalSection
EndGlobal
