
Microsoft Visual Studio Solution File, Format Version 12.00
# Visual Studio Version 17
VisualStudioVersion = 17.4.33205.214
MinimumVisualStudioVersion = 10.0.40219.1
Project("{FAE04EC0-301F-11D3-BF4B-00C04F79EFBC}") = "System_String", "System_String.csproj", "{563E6389-DE83-425E-A683-0857F014AB1D}"
EndProject
Global
	GlobalSection(SolutionConfigurationPlatforms) = preSolution
		Debug|Any CPU = Debug|Any CPU
		Release|Any CPU = Release|Any CPU
	EndGlobalSection
	GlobalSection(ProjectConfigurationPlatforms) = postSolution
		{563E6389-DE83-425E-A683-0857F014AB1D}.Debug|Any CPU.ActiveCfg = Debug|Any CPU
		{563E6389-DE83-425E-A683-0857F014AB1D}.Debug|Any CPU.Build.0 = Debug|Any CPU
		{563E6389-DE83-425E-A683-0857F014AB1D}.Release|Any CPU.ActiveCfg = Release|Any CPU
		{563E6389-DE83-425E-A683-0857F014AB1D}.Release|Any CPU.Build.0 = Release|Any CPU
	EndGlobalSection
	GlobalSection(SolutionProperties) = preSolution
		HideSolutionNode = FALSE
	EndGlobalSection
	GlobalSection(ExtensibilityGlobals) = postSolution
		SolutionGuid = {F5659F18-BF40-4C90-A987-47FE53F90DDA}
	EndGlobalSection
EndGlobal
