
Microsoft Visual Studio Solution File, Format Version 12.00
# Visual Studio Version 17
VisualStudioVersion = 17.4.33205.214
MinimumVisualStudioVersion = 10.0.40219.1
Project("{FAE04EC0-301F-11D3-BF4B-00C04F79EFBC}") = "IF문_실습(중첩IF문)", "IF문_실습(중첩IF문).csproj", "{06510D1B-06F6-4009-9044-FF1CEE5B3204}"
EndProject
Project("{FAE04EC0-301F-11D3-BF4B-00C04F79EFBC}") = "MyLibrary", "..\MyLibrary\MyLibrary.csproj", "{3D845099-BCF7-4184-9A85-D1CD3C6BE502}"
EndProject
Global
	GlobalSection(SolutionConfigurationPlatforms) = preSolution
		Debug|Any CPU = Debug|Any CPU
		Release|Any CPU = Release|Any CPU
	EndGlobalSection
	GlobalSection(ProjectConfigurationPlatforms) = postSolution
		{06510D1B-06F6-4009-9044-FF1CEE5B3204}.Debug|Any CPU.ActiveCfg = Debug|Any CPU
		{06510D1B-06F6-4009-9044-FF1CEE5B3204}.Debug|Any CPU.Build.0 = Debug|Any CPU
		{06510D1B-06F6-4009-9044-FF1CEE5B3204}.Release|Any CPU.ActiveCfg = Release|Any CPU
		{06510D1B-06F6-4009-9044-FF1CEE5B3204}.Release|Any CPU.Build.0 = Release|Any CPU
		{3D845099-BCF7-4184-9A85-D1CD3C6BE502}.Debug|Any CPU.ActiveCfg = Debug|Any CPU
		{3D845099-BCF7-4184-9A85-D1CD3C6BE502}.Debug|Any CPU.Build.0 = Debug|Any CPU
		{3D845099-BCF7-4184-9A85-D1CD3C6BE502}.Release|Any CPU.ActiveCfg = Release|Any CPU
		{3D845099-BCF7-4184-9A85-D1CD3C6BE502}.Release|Any CPU.Build.0 = Release|Any CPU
	EndGlobalSection
	GlobalSection(SolutionProperties) = preSolution
		HideSolutionNode = FALSE
	EndGlobalSection
	GlobalSection(ExtensibilityGlobals) = postSolution
		SolutionGuid = {8D18B734-FE30-4314-9FCD-388BB0080609}
	EndGlobalSection
EndGlobal
